
Microsoft Visual Studio Solution File, Format Version 12.00
# Visual Studio Version 16
VisualStudioVersion = 16.0.31229.75
MinimumVisualStudioVersion = 10.0.40219.1
Project("{9A19103F-16F7-4668-BE54-9A1E7A4F7556}") = "Ideal.Portal", "Ideal.Portal\Ideal.Portal.csproj", "{4D182E9C-0DD4-4969-AAE6-C625188EAA51}"
EndProject
Project("{2150E333-8FDC-42A3-9474-1A3956D46DE8}") = "Microservices", "Microservices", "{FD5C8F94-D702-4107-840A-B5F168BF6445}"
EndProject
Project("{9A19103F-16F7-4668-BE54-9A1E7A4F7556}") = "Employees.Microservice", "Employees.Microservice\Employees.Microservice.csproj", "{16D5258E-A5F8-482C-BFC1-97C6749E8FD1}"
EndProject
Project("{9A19103F-16F7-4668-BE54-9A1E7A4F7556}") = "Employees.Core", "Employees.Core\Employees.Core.csproj", "{20A33766-658C-40D5-A7B7-5A9E3503560A}"
EndProject
Project("{9A19103F-16F7-4668-BE54-9A1E7A4F7556}") = "Employees.Application", "Employees.Application\Employees.Application.csproj", "{05E63C35-C8E8-4BEC-9841-CBA2AD1E9F3A}"
EndProject
Project("{9A19103F-16F7-4668-BE54-9A1E7A4F7556}") = "Employees.Models", "Employees.Models\Employees.Models.csproj", "{47BEA815-6590-4617-89ED-3292F19E81A4}"
EndProject
Project("{2150E333-8FDC-42A3-9474-1A3956D46DE8}") = "Employees", "Employees", "{806CC565-1DE0-432B-B662-A90BE07C30D7}"
EndProject
Project("{9A19103F-16F7-4668-BE54-9A1E7A4F7556}") = "Gateway.API", "Gateway.API\Gateway.API.csproj", "{38BB4D4B-F491-4C38-83F4-B0B0CC964796}"
EndProject
Project("{2150E333-8FDC-42A3-9474-1A3956D46DE8}") = "Tasks", "Tasks", "{150AB3AF-54A5-4457-8DF6-512D57696887}"
EndProject
Project("{9A19103F-16F7-4668-BE54-9A1E7A4F7556}") = "Tasks.Microservice", "Tasks.Microservice\Tasks.Microservice.csproj", "{11915685-83BF-46FE-BB69-BBE281B875ED}"
EndProject
Project("{9A19103F-16F7-4668-BE54-9A1E7A4F7556}") = "Tasks.Models", "Tasks.Models\Tasks.Models.csproj", "{D2113C51-85DC-402D-9FB0-8562560C6176}"
EndProject
Project("{9A19103F-16F7-4668-BE54-9A1E7A4F7556}") = "Tasks.Application", "Tasks.Application\Tasks.Application.csproj", "{DE5BC3EC-C20D-47C5-8A21-46CC42FB15E5}"
EndProject
Project("{9A19103F-16F7-4668-BE54-9A1E7A4F7556}") = "Tasks.Core", "Tasks.Core\Tasks.Core.csproj", "{32A692E5-7E84-4D71-93FD-6A1AC4E5D0C5}"
EndProject
Global
	GlobalSection(SolutionConfigurationPlatforms) = preSolution
		Debug|Any CPU = Debug|Any CPU
		Release|Any CPU = Release|Any CPU
	EndGlobalSection
	GlobalSection(ProjectConfigurationPlatforms) = postSolution
		{4D182E9C-0DD4-4969-AAE6-C625188EAA51}.Debug|Any CPU.ActiveCfg = Debug|Any CPU
		{4D182E9C-0DD4-4969-AAE6-C625188EAA51}.Debug|Any CPU.Build.0 = Debug|Any CPU
		{4D182E9C-0DD4-4969-AAE6-C625188EAA51}.Release|Any CPU.ActiveCfg = Release|Any CPU
		{4D182E9C-0DD4-4969-AAE6-C625188EAA51}.Release|Any CPU.Build.0 = Release|Any CPU
		{16D5258E-A5F8-482C-BFC1-97C6749E8FD1}.Debug|Any CPU.ActiveCfg = Debug|Any CPU
		{16D5258E-A5F8-482C-BFC1-97C6749E8FD1}.Debug|Any CPU.Build.0 = Debug|Any CPU
		{16D5258E-A5F8-482C-BFC1-97C6749E8FD1}.Release|Any CPU.ActiveCfg = Release|Any CPU
		{16D5258E-A5F8-482C-BFC1-97C6749E8FD1}.Release|Any CPU.Build.0 = Release|Any CPU
		{20A33766-658C-40D5-A7B7-5A9E3503560A}.Debug|Any CPU.ActiveCfg = Debug|Any CPU
		{20A33766-658C-40D5-A7B7-5A9E3503560A}.Debug|Any CPU.Build.0 = Debug|Any CPU
		{20A33766-658C-40D5-A7B7-5A9E3503560A}.Release|Any CPU.ActiveCfg = Release|Any CPU
		{20A33766-658C-40D5-A7B7-5A9E3503560A}.Release|Any CPU.Build.0 = Release|Any CPU
		{05E63C35-C8E8-4BEC-9841-CBA2AD1E9F3A}.Debug|Any CPU.ActiveCfg = Debug|Any CPU
		{05E63C35-C8E8-4BEC-9841-CBA2AD1E9F3A}.Debug|Any CPU.Build.0 = Debug|Any CPU
		{05E63C35-C8E8-4BEC-9841-CBA2AD1E9F3A}.Release|Any CPU.ActiveCfg = Release|Any CPU
		{05E63C35-C8E8-4BEC-9841-CBA2AD1E9F3A}.Release|Any CPU.Build.0 = Release|Any CPU
		{47BEA815-6590-4617-89ED-3292F19E81A4}.Debug|Any CPU.ActiveCfg = Debug|Any CPU
		{47BEA815-6590-4617-89ED-3292F19E81A4}.Debug|Any CPU.Build.0 = Debug|Any CPU
		{47BEA815-6590-4617-89ED-3292F19E81A4}.Release|Any CPU.ActiveCfg = Release|Any CPU
		{47BEA815-6590-4617-89ED-3292F19E81A4}.Release|Any CPU.Build.0 = Release|Any CPU
		{38BB4D4B-F491-4C38-83F4-B0B0CC964796}.Debug|Any CPU.ActiveCfg = Debug|Any CPU
		{38BB4D4B-F491-4C38-83F4-B0B0CC964796}.Debug|Any CPU.Build.0 = Debug|Any CPU
		{38BB4D4B-F491-4C38-83F4-B0B0CC964796}.Release|Any CPU.ActiveCfg = Release|Any CPU
		{38BB4D4B-F491-4C38-83F4-B0B0CC964796}.Release|Any CPU.Build.0 = Release|Any CPU
		{11915685-83BF-46FE-BB69-BBE281B875ED}.Debug|Any CPU.ActiveCfg = Debug|Any CPU
		{11915685-83BF-46FE-BB69-BBE281B875ED}.Debug|Any CPU.Build.0 = Debug|Any CPU
		{11915685-83BF-46FE-BB69-BBE281B875ED}.Release|Any CPU.ActiveCfg = Release|Any CPU
		{11915685-83BF-46FE-BB69-BBE281B875ED}.Release|Any CPU.Build.0 = Release|Any CPU
		{D2113C51-85DC-402D-9FB0-8562560C6176}.Debug|Any CPU.ActiveCfg = Debug|Any CPU
		{D2113C51-85DC-402D-9FB0-8562560C6176}.Debug|Any CPU.Build.0 = Debug|Any CPU
		{D2113C51-85DC-402D-9FB0-8562560C6176}.Release|Any CPU.ActiveCfg = Release|Any CPU
		{D2113C51-85DC-402D-9FB0-8562560C6176}.Release|Any CPU.Build.0 = Release|Any CPU
		{DE5BC3EC-C20D-47C5-8A21-46CC42FB15E5}.Debug|Any CPU.ActiveCfg = Debug|Any CPU
		{DE5BC3EC-C20D-47C5-8A21-46CC42FB15E5}.Debug|Any CPU.Build.0 = Debug|Any CPU
		{DE5BC3EC-C20D-47C5-8A21-46CC42FB15E5}.Release|Any CPU.ActiveCfg = Release|Any CPU
		{DE5BC3EC-C20D-47C5-8A21-46CC42FB15E5}.Release|Any CPU.Build.0 = Release|Any CPU
		{32A692E5-7E84-4D71-93FD-6A1AC4E5D0C5}.Debug|Any CPU.ActiveCfg = Debug|Any CPU
		{32A692E5-7E84-4D71-93FD-6A1AC4E5D0C5}.Debug|Any CPU.Build.0 = Debug|Any CPU
		{32A692E5-7E84-4D71-93FD-6A1AC4E5D0C5}.Release|Any CPU.ActiveCfg = Release|Any CPU
		{32A692E5-7E84-4D71-93FD-6A1AC4E5D0C5}.Release|Any CPU.Build.0 = Release|Any CPU
	EndGlobalSection
	GlobalSection(SolutionProperties) = preSolution
		HideSolutionNode = FALSE
	EndGlobalSection
	GlobalSection(NestedProjects) = preSolution
		{16D5258E-A5F8-482C-BFC1-97C6749E8FD1} = {806CC565-1DE0-432B-B662-A90BE07C30D7}
		{20A33766-658C-40D5-A7B7-5A9E3503560A} = {806CC565-1DE0-432B-B662-A90BE07C30D7}
		{05E63C35-C8E8-4BEC-9841-CBA2AD1E9F3A} = {806CC565-1DE0-432B-B662-A90BE07C30D7}
		{47BEA815-6590-4617-89ED-3292F19E81A4} = {806CC565-1DE0-432B-B662-A90BE07C30D7}
		{806CC565-1DE0-432B-B662-A90BE07C30D7} = {FD5C8F94-D702-4107-840A-B5F168BF6445}
		{150AB3AF-54A5-4457-8DF6-512D57696887} = {FD5C8F94-D702-4107-840A-B5F168BF6445}
		{11915685-83BF-46FE-BB69-BBE281B875ED} = {150AB3AF-54A5-4457-8DF6-512D57696887}
		{D2113C51-85DC-402D-9FB0-8562560C6176} = {150AB3AF-54A5-4457-8DF6-512D57696887}
		{DE5BC3EC-C20D-47C5-8A21-46CC42FB15E5} = {150AB3AF-54A5-4457-8DF6-512D57696887}
		{32A692E5-7E84-4D71-93FD-6A1AC4E5D0C5} = {150AB3AF-54A5-4457-8DF6-512D57696887}
	EndGlobalSection
	GlobalSection(ExtensibilityGlobals) = postSolution
		SolutionGuid = {81FAE92F-4797-4D63-8F92-BECB77AA9F0A}
	EndGlobalSection
EndGlobal
